
Microsoft Visual Studio Solution File, Format Version 12.00
# Visual Studio Version 17
VisualStudioVersion = 17.10.35122.118
MinimumVisualStudioVersion = 10.0.40219.1
Project("{FAE04EC0-301F-11D3-BF4B-00C04F79EFBC}") = "Sec20_Assign41_NewsApp", "Sec20_Assign41_NewsApp\Sec20_Assign41_NewsApp.csproj", "{23939E56-4E47-4974-A2C3-071AF275A79C}"
EndProject
Project("{FAE04EC0-301F-11D3-BF4B-00C04F79EFBC}") = "ClassLibrary1", "ClassLibrary1\ClassLibrary1.csproj", "{CE7A8C27-FAA4-4E83-A1A6-50F5BA1F8CE7}"
EndProject
Global
	GlobalSection(SolutionConfigurationPlatforms) = preSolution
		Debug|Any CPU = Debug|Any CPU
		Release|Any CPU = Release|Any CPU
	EndGlobalSection
	GlobalSection(ProjectConfigurationPlatforms) = postSolution
		{23939E56-4E47-4974-A2C3-071AF275A79C}.Debug|Any CPU.ActiveCfg = Debug|Any CPU
		{23939E56-4E47-4974-A2C3-071AF275A79C}.Debug|Any CPU.Build.0 = Debug|Any CPU
		{23939E56-4E47-4974-A2C3-071AF275A79C}.Release|Any CPU.ActiveCfg = Release|Any CPU
		{23939E56-4E47-4974-A2C3-071AF275A79C}.Release|Any CPU.Build.0 = Release|Any CPU
		{CE7A8C27-FAA4-4E83-A1A6-50F5BA1F8CE7}.Debug|Any CPU.ActiveCfg = Debug|Any CPU
		{CE7A8C27-FAA4-4E83-A1A6-50F5BA1F8CE7}.Debug|Any CPU.Build.0 = Debug|Any CPU
		{CE7A8C27-FAA4-4E83-A1A6-50F5BA1F8CE7}.Release|Any CPU.ActiveCfg = Release|Any CPU
		{CE7A8C27-FAA4-4E83-A1A6-50F5BA1F8CE7}.Release|Any CPU.Build.0 = Release|Any CPU
	EndGlobalSection
	GlobalSection(SolutionProperties) = preSolution
		HideSolutionNode = FALSE
	EndGlobalSection
	GlobalSection(ExtensibilityGlobals) = postSolution
		SolutionGuid = {24BE1271-1C80-4525-BFE6-ABBA60BD88A8}
	EndGlobalSection
EndGlobal
